// !$*UTF8*$!
{
	archiveVersion = 1;
	classes = {
	};
	objectVersion = 51;
	objects = {

/* Begin PBXBuildFile section */
		1912481F25493BCF00C4A2F7 /* MainVC.swift in Sources */ = {isa = PBXBuildFile; fileRef = 1912481E25493BCF00C4A2F7 /* MainVC.swift */; };
		1912482325494B4E00C4A2F7 /* MainTableCell.swift in Sources */ = {isa = PBXBuildFile; fileRef = 1912482225494B4C00C4A2F7 /* MainTableCell.swift */; };
		19AEDC182568608000506529 /* OpenSourceViewCell.swift in Sources */ = {isa = PBXBuildFile; fileRef = 19AEDC172568607F00506529 /* OpenSourceViewCell.swift */; };
		19C09CEA2557BC7200A63A13 /* Todo.swift in Sources */ = {isa = PBXBuildFile; fileRef = 19C09CE92557BC7200A63A13 /* Todo.swift */; };
		19C09CED2557BE1000A63A13 /* Storage.swift in Sources */ = {isa = PBXBuildFile; fileRef = 19C09CEC2557BE1000A63A13 /* Storage.swift */; };
		19C09CFB255F3AD700A63A13 /* FixVC.swift in Sources */ = {isa = PBXBuildFile; fileRef = 19C09CFA255F3AD500A63A13 /* FixVC.swift */; };
		19C09CFE255F3C2100A63A13 /* SettingVC.swift in Sources */ = {isa = PBXBuildFile; fileRef = 19C09CFD255F3C2100A63A13 /* SettingVC.swift */; };
		19D87BEF25687DA000A33684 /* OpenSourceVC.swift in Sources */ = {isa = PBXBuildFile; fileRef = 19D87BEE25687D9F00A33684 /* OpenSourceVC.swift */; };
		19E970572552762000BB9BA6 /* DetailVC.swift in Sources */ = {isa = PBXBuildFile; fileRef = 19E970562552762000BB9BA6 /* DetailVC.swift */; };
		19E9706125529B9D00BB9BA6 /* NewPostVC.swift in Sources */ = {isa = PBXBuildFile; fileRef = 19E9706025529B9D00BB9BA6 /* NewPostVC.swift */; };
		3CAF1583D7851B965AD8FA5F /* Pods_ComingUp.framework in Frameworks */ = {isa = PBXBuildFile; fileRef = 6C284CC2E8B77DC17C92FDCB /* Pods_ComingUp.framework */; };
		6C8E77DE24DAE7B300D77643 /* AppDelegate.swift in Sources */ = {isa = PBXBuildFile; fileRef = 6C8E77DD24DAE7B300D77643 /* AppDelegate.swift */; };
		6C8E77E024DAE7B300D77643 /* SceneDelegate.swift in Sources */ = {isa = PBXBuildFile; fileRef = 6C8E77DF24DAE7B300D77643 /* SceneDelegate.swift */; };
		6C8E77E224DAE7B300D77643 /* ViewController.swift in Sources */ = {isa = PBXBuildFile; fileRef = 6C8E77E124DAE7B300D77643 /* ViewController.swift */; };
		6C8E77E524DAE7B300D77643 /* Main.storyboard in Resources */ = {isa = PBXBuildFile; fileRef = 6C8E77E324DAE7B300D77643 /* Main.storyboard */; };
		6C8E77E724DAE7B500D77643 /* Assets.xcassets in Resources */ = {isa = PBXBuildFile; fileRef = 6C8E77E624DAE7B500D77643 /* Assets.xcassets */; };
		6C8E77EA24DAE7B500D77643 /* LaunchScreen.storyboard in Resources */ = {isa = PBXBuildFile; fileRef = 6C8E77E824DAE7B500D77643 /* LaunchScreen.storyboard */; };
		6C8E77F324DAE8A900D77643 /* Task.swift in Sources */ = {isa = PBXBuildFile; fileRef = 6C8E77F224DAE8A900D77643 /* Task.swift */; };
/* End PBXBuildFile section */

/* Begin PBXFileReference section */
		0C98D25AEB336992E64D8AAD /* Pods-AdvancedToDoApp.release.xcconfig */ = {isa = PBXFileReference; includeInIndex = 1; lastKnownFileType = text.xcconfig; name = "Pods-AdvancedToDoApp.release.xcconfig"; path = "Target Support Files/Pods-AdvancedToDoApp/Pods-AdvancedToDoApp.release.xcconfig"; sourceTree = "<group>"; };
		12C891C42131E4C71FD56044 /* Pods-ComingUp.release.xcconfig */ = {isa = PBXFileReference; includeInIndex = 1; lastKnownFileType = text.xcconfig; name = "Pods-ComingUp.release.xcconfig"; path = "Target Support Files/Pods-ComingUp/Pods-ComingUp.release.xcconfig"; sourceTree = "<group>"; };
		1912481E25493BCF00C4A2F7 /* MainVC.swift */ = {isa = PBXFileReference; lastKnownFileType = sourcecode.swift; path = MainVC.swift; sourceTree = "<group>"; };
		1912482225494B4C00C4A2F7 /* MainTableCell.swift */ = {isa = PBXFileReference; lastKnownFileType = sourcecode.swift; path = MainTableCell.swift; sourceTree = "<group>"; };
		19AEDC172568607F00506529 /* OpenSourceViewCell.swift */ = {isa = PBXFileReference; lastKnownFileType = sourcecode.swift; path = OpenSourceViewCell.swift; sourceTree = "<group>"; };
		19C09CE92557BC7200A63A13 /* Todo.swift */ = {isa = PBXFileReference; lastKnownFileType = sourcecode.swift; path = Todo.swift; sourceTree = "<group>"; };
		19C09CEC2557BE1000A63A13 /* Storage.swift */ = {isa = PBXFileReference; lastKnownFileType = sourcecode.swift; path = Storage.swift; sourceTree = "<group>"; };
		19C09CFA255F3AD500A63A13 /* FixVC.swift */ = {isa = PBXFileReference; lastKnownFileType = sourcecode.swift; path = FixVC.swift; sourceTree = "<group>"; };
		19C09CFD255F3C2100A63A13 /* SettingVC.swift */ = {isa = PBXFileReference; lastKnownFileType = sourcecode.swift; path = SettingVC.swift; sourceTree = "<group>"; };
		19D87BEE25687D9F00A33684 /* OpenSourceVC.swift */ = {isa = PBXFileReference; lastKnownFileType = sourcecode.swift; path = OpenSourceVC.swift; sourceTree = "<group>"; };
		19E970562552762000BB9BA6 /* DetailVC.swift */ = {isa = PBXFileReference; lastKnownFileType = sourcecode.swift; path = DetailVC.swift; sourceTree = "<group>"; };
		19E9706025529B9D00BB9BA6 /* NewPostVC.swift */ = {isa = PBXFileReference; lastKnownFileType = sourcecode.swift; path = NewPostVC.swift; sourceTree = "<group>"; };
		2A477270E3C65C3270637726 /* Pods-AdvancedToDoApp.debug.xcconfig */ = {isa = PBXFileReference; includeInIndex = 1; lastKnownFileType = text.xcconfig; name = "Pods-AdvancedToDoApp.debug.xcconfig"; path = "Target Support Files/Pods-AdvancedToDoApp/Pods-AdvancedToDoApp.debug.xcconfig"; sourceTree = "<group>"; };
		2F11D30B04271141BF6C7BAF /* Pods-ComingUp.debug.xcconfig */ = {isa = PBXFileReference; includeInIndex = 1; lastKnownFileType = text.xcconfig; name = "Pods-ComingUp.debug.xcconfig"; path = "Target Support Files/Pods-ComingUp/Pods-ComingUp.debug.xcconfig"; sourceTree = "<group>"; };
		6C284CC2E8B77DC17C92FDCB /* Pods_ComingUp.framework */ = {isa = PBXFileReference; explicitFileType = wrapper.framework; includeInIndex = 0; path = Pods_ComingUp.framework; sourceTree = BUILT_PRODUCTS_DIR; };
		6C8E77DA24DAE7B300D77643 /* ComingUp.app */ = {isa = PBXFileReference; explicitFileType = wrapper.application; includeInIndex = 0; path = ComingUp.app; sourceTree = BUILT_PRODUCTS_DIR; };
		6C8E77DD24DAE7B300D77643 /* AppDelegate.swift */ = {isa = PBXFileReference; lastKnownFileType = sourcecode.swift; path = AppDelegate.swift; sourceTree = "<group>"; };
		6C8E77DF24DAE7B300D77643 /* SceneDelegate.swift */ = {isa = PBXFileReference; lastKnownFileType = sourcecode.swift; path = SceneDelegate.swift; sourceTree = "<group>"; };
		6C8E77E124DAE7B300D77643 /* ViewController.swift */ = {isa = PBXFileReference; lastKnownFileType = sourcecode.swift; path = ViewController.swift; sourceTree = "<group>"; };
		6C8E77E424DAE7B300D77643 /* Base */ = {isa = PBXFileReference; lastKnownFileType = file.storyboard; name = Base; path = Base.lproj/Main.storyboard; sourceTree = "<group>"; };
		6C8E77E624DAE7B500D77643 /* Assets.xcassets */ = {isa = PBXFileReference; lastKnownFileType = folder.assetcatalog; path = Assets.xcassets; sourceTree = "<group>"; };
		6C8E77E924DAE7B500D77643 /* Base */ = {isa = PBXFileReference; lastKnownFileType = file.storyboard; name = Base; path = Base.lproj/LaunchScreen.storyboard; sourceTree = "<group>"; };
		6C8E77EB24DAE7B500D77643 /* Info.plist */ = {isa = PBXFileReference; lastKnownFileType = text.plist.xml; path = Info.plist; sourceTree = "<group>"; };
		6C8E77F224DAE8A900D77643 /* Task.swift */ = {isa = PBXFileReference; lastKnownFileType = sourcecode.swift; path = Task.swift; sourceTree = "<group>"; };
		C4AB4A2925D4B5460018F242 /* README.md */ = {isa = PBXFileReference; lastKnownFileType = net.daringfireball.markdown; path = README.md; sourceTree = "<group>"; };
/* End PBXFileReference section */

/* Begin PBXFrameworksBuildPhase section */
		6C8E77D724DAE7B300D77643 /* Frameworks */ = {
			isa = PBXFrameworksBuildPhase;
			buildActionMask = 2147483647;
			files = (
				3CAF1583D7851B965AD8FA5F /* Pods_ComingUp.framework in Frameworks */,
			);
			runOnlyForDeploymentPostprocessing = 0;
		};
/* End PBXFrameworksBuildPhase section */

/* Begin PBXGroup section */
		0ADDD04A3900D189195E5EE5 /* Frameworks */ = {
			isa = PBXGroup;
			children = (
				6C284CC2E8B77DC17C92FDCB /* Pods_ComingUp.framework */,
			);
			name = Frameworks;
			sourceTree = "<group>";
		};
		1912481B2549316800C4A2F7 /* StoryBoard */ = {
			isa = PBXGroup;
			children = (
				6C8E77E324DAE7B300D77643 /* Main.storyboard */,
			);
			path = StoryBoard;
			sourceTree = "<group>";
		};
		1912481D25493BB800C4A2F7 /* VC */ = {
			isa = PBXGroup;
			children = (
				1912481E25493BCF00C4A2F7 /* MainVC.swift */,
				19C09CFD255F3C2100A63A13 /* SettingVC.swift */,
				19E9706025529B9D00BB9BA6 /* NewPostVC.swift */,
				19E970562552762000BB9BA6 /* DetailVC.swift */,
				19C09CFA255F3AD500A63A13 /* FixVC.swift */,
				19D87BEE25687D9F00A33684 /* OpenSourceVC.swift */,
			);
			path = VC;
			sourceTree = "<group>";
		};
		1912482125494B2300C4A2F7 /* cell */ = {
			isa = PBXGroup;
			children = (
				1912482225494B4C00C4A2F7 /* MainTableCell.swift */,
				19AEDC172568607F00506529 /* OpenSourceViewCell.swift */,
			);
			path = cell;
			sourceTree = "<group>";
		};
		6C8E77D124DAE7B300D77643 = {
			isa = PBXGroup;
			children = (
				C4AB4A2925D4B5460018F242 /* README.md */,
				6C8E77DC24DAE7B300D77643 /* ComingUp */,
				6C8E77DB24DAE7B300D77643 /* Products */,
				ECDCDFCCA622315072AB76F6 /* Pods */,
				0ADDD04A3900D189195E5EE5 /* Frameworks */,
			);
			sourceTree = "<group>";
		};
		6C8E77DB24DAE7B300D77643 /* Products */ = {
			isa = PBXGroup;
			children = (
				6C8E77DA24DAE7B300D77643 /* ComingUp.app */,
			);
			name = Products;
			sourceTree = "<group>";
		};
		6C8E77DC24DAE7B300D77643 /* ComingUp */ = {
			isa = PBXGroup;
			children = (
				1912482125494B2300C4A2F7 /* cell */,
				1912481D25493BB800C4A2F7 /* VC */,
				1912481B2549316800C4A2F7 /* StoryBoard */,
				6C8E77F124DAE7BF00D77643 /* model */,
				6C8E77DD24DAE7B300D77643 /* AppDelegate.swift */,
				6C8E77DF24DAE7B300D77643 /* SceneDelegate.swift */,
				6C8E77E124DAE7B300D77643 /* ViewController.swift */,
				6C8E77E624DAE7B500D77643 /* Assets.xcassets */,
				6C8E77E824DAE7B500D77643 /* LaunchScreen.storyboard */,
				6C8E77EB24DAE7B500D77643 /* Info.plist */,
				19C09CE92557BC7200A63A13 /* Todo.swift */,
				19C09CEC2557BE1000A63A13 /* Storage.swift */,
			);
			path = ComingUp;
			sourceTree = "<group>";
		};
		6C8E77F124DAE7BF00D77643 /* model */ = {
			isa = PBXGroup;
			children = (
				6C8E77F224DAE8A900D77643 /* Task.swift */,
			);
			path = model;
			sourceTree = "<group>";
		};
		ECDCDFCCA622315072AB76F6 /* Pods */ = {
			isa = PBXGroup;
			children = (
				2A477270E3C65C3270637726 /* Pods-AdvancedToDoApp.debug.xcconfig */,
				0C98D25AEB336992E64D8AAD /* Pods-AdvancedToDoApp.release.xcconfig */,
				2F11D30B04271141BF6C7BAF /* Pods-ComingUp.debug.xcconfig */,
				12C891C42131E4C71FD56044 /* Pods-ComingUp.release.xcconfig */,
			);
			path = Pods;
			sourceTree = "<group>";
		};
/* End PBXGroup section */

/* Begin PBXNativeTarget section */
		6C8E77D924DAE7B300D77643 /* ComingUp */ = {
			isa = PBXNativeTarget;
			buildConfigurationList = 6C8E77EE24DAE7B500D77643 /* Build configuration list for PBXNativeTarget "ComingUp" */;
			buildPhases = (
				5D5E04E19828D09745CFD83C /* [CP] Check Pods Manifest.lock */,
				6C8E77D624DAE7B300D77643 /* Sources */,
				6C8E77D724DAE7B300D77643 /* Frameworks */,
				6C8E77D824DAE7B300D77643 /* Resources */,
				856285A81F6E690DE179EE8F /* [CP] Embed Pods Frameworks */,
			);
			buildRules = (
			);
			dependencies = (
			);
			name = ComingUp;
			productName = AdvancedToDoApp;
			productReference = 6C8E77DA24DAE7B300D77643 /* ComingUp.app */;
			productType = "com.apple.product-type.application";
		};
/* End PBXNativeTarget section */

/* Begin PBXProject section */
		6C8E77D224DAE7B300D77643 /* Project object */ = {
			isa = PBXProject;
			attributes = {
				LastSwiftUpdateCheck = 1150;
				LastUpgradeCheck = 1150;
				ORGANIZATIONNAME = FastCampus;
				TargetAttributes = {
					6C8E77D924DAE7B300D77643 = {
						CreatedOnToolsVersion = 11.5;
					};
				};
			};
			buildConfigurationList = 6C8E77D524DAE7B300D77643 /* Build configuration list for PBXProject "ComingUp" */;
			compatibilityVersion = "Xcode 9.3";
			developmentRegion = en;
			hasScannedForEncodings = 0;
			knownRegions = (
				en,
				Base,
			);
			mainGroup = 6C8E77D124DAE7B300D77643;
			productRefGroup = 6C8E77DB24DAE7B300D77643 /* Products */;
			projectDirPath = "";
			projectRoot = "";
			targets = (
				6C8E77D924DAE7B300D77643 /* ComingUp */,
			);
		};
/* End PBXProject section */

/* Begin PBXResourcesBuildPhase section */
		6C8E77D824DAE7B300D77643 /* Resources */ = {
			isa = PBXResourcesBuildPhase;
			buildActionMask = 2147483647;
			files = (
				6C8E77EA24DAE7B500D77643 /* LaunchScreen.storyboard in Resources */,
				6C8E77E724DAE7B500D77643 /* Assets.xcassets in Resources */,
				6C8E77E524DAE7B300D77643 /* Main.storyboard in Resources */,
			);
			runOnlyForDeploymentPostprocessing = 0;
		};
/* End PBXResourcesBuildPhase section */

/* Begin PBXShellScriptBuildPhase section */
		5D5E04E19828D09745CFD83C /* [CP] Check Pods Manifest.lock */ = {
			isa = PBXShellScriptBuildPhase;
			buildActionMask = 2147483647;
			files = (
			);
			inputFileListPaths = (
			);
			inputPaths = (
				"${PODS_PODFILE_DIR_PATH}/Podfile.lock",
				"${PODS_ROOT}/Manifest.lock",
			);
			name = "[CP] Check Pods Manifest.lock";
			outputFileListPaths = (
			);
			outputPaths = (
				"$(DERIVED_FILE_DIR)/Pods-ComingUp-checkManifestLockResult.txt",
			);
			runOnlyForDeploymentPostprocessing = 0;
			shellPath = /bin/sh;
			shellScript = "diff \"${PODS_PODFILE_DIR_PATH}/Podfile.lock\" \"${PODS_ROOT}/Manifest.lock\" > /dev/null\nif [ $? != 0 ] ; then\n    # print error to STDERR\n    echo \"error: The sandbox is not in sync with the Podfile.lock. Run 'pod install' or update your CocoaPods installation.\" >&2\n    exit 1\nfi\n# This output is used by Xcode 'outputs' to avoid re-running this script phase.\necho \"SUCCESS\" > \"${SCRIPT_OUTPUT_FILE_0}\"\n";
			showEnvVarsInLog = 0;
		};
		856285A81F6E690DE179EE8F /* [CP] Embed Pods Frameworks */ = {
			isa = PBXShellScriptBuildPhase;
			buildActionMask = 2147483647;
			files = (
			);
			inputFileListPaths = (
				"${PODS_ROOT}/Target Support Files/Pods-ComingUp/Pods-ComingUp-frameworks-${CONFIGURATION}-input-files.xcfilelist",
			);
			name = "[CP] Embed Pods Frameworks";
			outputFileListPaths = (
				"${PODS_ROOT}/Target Support Files/Pods-ComingUp/Pods-ComingUp-frameworks-${CONFIGURATION}-output-files.xcfilelist",
			);
			runOnlyForDeploymentPostprocessing = 0;
			shellPath = /bin/sh;
			shellScript = "\"${PODS_ROOT}/Target Support Files/Pods-ComingUp/Pods-ComingUp-frameworks.sh\"\n";
			showEnvVarsInLog = 0;
		};
/* End PBXShellScriptBuildPhase section */

/* Begin PBXSourcesBuildPhase section */
		6C8E77D624DAE7B300D77643 /* Sources */ = {
			isa = PBXSourcesBuildPhase;
			buildActionMask = 2147483647;
			files = (
				19E9706125529B9D00BB9BA6 /* NewPostVC.swift in Sources */,
				19C09CFE255F3C2100A63A13 /* SettingVC.swift in Sources */,
				6C8E77F324DAE8A900D77643 /* Task.swift in Sources */,
				1912481F25493BCF00C4A2F7 /* MainVC.swift in Sources */,
				6C8E77E224DAE7B300D77643 /* ViewController.swift in Sources */,
				1912482325494B4E00C4A2F7 /* MainTableCell.swift in Sources */,
				19E970572552762000BB9BA6 /* DetailVC.swift in Sources */,
				6C8E77DE24DAE7B300D77643 /* AppDelegate.swift in Sources */,
				6C8E77E024DAE7B300D77643 /* SceneDelegate.swift in Sources */,
				19C09CEA2557BC7200A63A13 /* Todo.swift in Sources */,
				19C09CED2557BE1000A63A13 /* Storage.swift in Sources */,
				19AEDC182568608000506529 /* OpenSourceViewCell.swift in Sources */,
				19C09CFB255F3AD700A63A13 /* FixVC.swift in Sources */,
				19D87BEF25687DA000A33684 /* OpenSourceVC.swift in Sources */,
			);
			runOnlyForDeploymentPostprocessing = 0;
		};
/* End PBXSourcesBuildPhase section */

/* Begin PBXVariantGroup section */
		6C8E77E324DAE7B300D77643 /* Main.storyboard */ = {
			isa = PBXVariantGroup;
			children = (
				6C8E77E424DAE7B300D77643 /* Base */,
			);
			name = Main.storyboard;
			sourceTree = "<group>";
		};
		6C8E77E824DAE7B500D77643 /* LaunchScreen.storyboard */ = {
			isa = PBXVariantGroup;
			children = (
				6C8E77E924DAE7B500D77643 /* Base */,
			);
			name = LaunchScreen.storyboard;
			sourceTree = "<group>";
		};
/* End PBXVariantGroup section */

/* Begin XCBuildConfiguration section */
		6C8E77EC24DAE7B500D77643 /* Debug */ = {
			isa = XCBuildConfiguration;
			buildSettings = {
				ALWAYS_SEARCH_USER_PATHS = NO;
				CLANG_ANALYZER_NONNULL = YES;
				CLANG_ANALYZER_NUMBER_OBJECT_CONVERSION = YES_AGGRESSIVE;
				CLANG_CXX_LANGUAGE_STANDARD = "gnu++14";
				CLANG_CXX_LIBRARY = "libc++";
				CLANG_ENABLE_MODULES = YES;
				CLANG_ENABLE_OBJC_ARC = YES;
				CLANG_ENABLE_OBJC_WEAK = YES;
				CLANG_WARN_BLOCK_CAPTURE_AUTORELEASING = YES;
				CLANG_WARN_BOOL_CONVERSION = YES;
				CLANG_WARN_COMMA = YES;
				CLANG_WARN_CONSTANT_CONVERSION = YES;
				CLANG_WARN_DEPRECATED_OBJC_IMPLEMENTATIONS = YES;
				CLANG_WARN_DIRECT_OBJC_ISA_USAGE = YES_ERROR;
				CLANG_WARN_DOCUMENTATION_COMMENTS = YES;
				CLANG_WARN_EMPTY_BODY = YES;
				CLANG_WARN_ENUM_CONVERSION = YES;
				CLANG_WARN_INFINITE_RECURSION = YES;
				CLANG_WARN_INT_CONVERSION = YES;
				CLANG_WARN_NON_LITERAL_NULL_CONVERSION = YES;
				CLANG_WARN_OBJC_IMPLICIT_RETAIN_SELF = YES;
				CLANG_WARN_OBJC_LITERAL_CONVERSION = YES;
				CLANG_WARN_OBJC_ROOT_CLASS = YES_ERROR;
				CLANG_WARN_RANGE_LOOP_ANALYSIS = YES;
				CLANG_WARN_STRICT_PROTOTYPES = YES;
				CLANG_WARN_SUSPICIOUS_MOVE = YES;
				CLANG_WARN_UNGUARDED_AVAILABILITY = YES_AGGRESSIVE;
				CLANG_WARN_UNREACHABLE_CODE = YES;
				CLANG_WARN__DUPLICATE_METHOD_MATCH = YES;
				COPY_PHASE_STRIP = NO;
				DEBUG_INFORMATION_FORMAT = dwarf;
				ENABLE_STRICT_OBJC_MSGSEND = YES;
				ENABLE_TESTABILITY = YES;
				GCC_C_LANGUAGE_STANDARD = gnu11;
				GCC_DYNAMIC_NO_PIC = NO;
				GCC_NO_COMMON_BLOCKS = YES;
				GCC_OPTIMIZATION_LEVEL = 0;
				GCC_PREPROCESSOR_DEFINITIONS = (
					"DEBUG=1",
					"$(inherited)",
				);
				GCC_WARN_64_TO_32_BIT_CONVERSION = YES;
				GCC_WARN_ABOUT_RETURN_TYPE = YES_ERROR;
				GCC_WARN_UNDECLARED_SELECTOR = YES;
				GCC_WARN_UNINITIALIZED_AUTOS = YES_AGGRESSIVE;
				GCC_WARN_UNUSED_FUNCTION = YES;
				GCC_WARN_UNUSED_VARIABLE = YES;
				IPHONEOS_DEPLOYMENT_TARGET = 13.5;
				MTL_ENABLE_DEBUG_INFO = INCLUDE_SOURCE;
				MTL_FAST_MATH = YES;
				ONLY_ACTIVE_ARCH = YES;
				SDKROOT = iphoneos;
				SWIFT_ACTIVE_COMPILATION_CONDITIONS = DEBUG;
				SWIFT_OPTIMIZATION_LEVEL = "-Onone";
			};
			name = Debug;
		};
		6C8E77ED24DAE7B500D77643 /* Release */ = {
			isa = XCBuildConfiguration;
			buildSettings = {
				ALWAYS_SEARCH_USER_PATHS = NO;
				CLANG_ANALYZER_NONNULL = YES;
				CLANG_ANALYZER_NUMBER_OBJECT_CONVERSION = YES_AGGRESSIVE;
				CLANG_CXX_LANGUAGE_STANDARD = "gnu++14";
				CLANG_CXX_LIBRARY = "libc++";
				CLANG_ENABLE_MODULES = YES;
				CLANG_ENABLE_OBJC_ARC = YES;
				CLANG_ENABLE_OBJC_WEAK = YES;
				CLANG_WARN_BLOCK_CAPTURE_AUTORELEASING = YES;
				CLANG_WARN_BOOL_CONVERSION = YES;
				CLANG_WARN_COMMA = YES;
				CLANG_WARN_CONSTANT_CONVERSION = YES;
				CLANG_WARN_DEPRECATED_OBJC_IMPLEMENTATIONS = YES;
				CLANG_WARN_DIRECT_OBJC_ISA_USAGE = YES_ERROR;
				CLANG_WARN_DOCUMENTATION_COMMENTS = YES;
				CLANG_WARN_EMPTY_BODY = YES;
				CLANG_WARN_ENUM_CONVERSION = YES;
				CLANG_WARN_INFINITE_RECURSION = YES;
				CLANG_WARN_INT_CONVERSION = YES;
				CLANG_WARN_NON_LITERAL_NULL_CONVERSION = YES;
				CLANG_WARN_OBJC_IMPLICIT_RETAIN_SELF = YES;
				CLANG_WARN_OBJC_LITERAL_CONVERSION = YES;
				CLANG_WARN_OBJC_ROOT_CLASS = YES_ERROR;
				CLANG_WARN_RANGE_LOOP_ANALYSIS = YES;
				CLANG_WARN_STRICT_PROTOTYPES = YES;
				CLANG_WARN_SUSPICIOUS_MOVE = YES;
				CLANG_WARN_UNGUARDED_AVAILABILITY = YES_AGGRESSIVE;
				CLANG_WARN_UNREACHABLE_CODE = YES;
				CLANG_WARN__DUPLICATE_METHOD_MATCH = YES;
				COPY_PHASE_STRIP = NO;
				DEBUG_INFORMATION_FORMAT = "dwarf-with-dsym";
				ENABLE_NS_ASSERTIONS = NO;
				ENABLE_STRICT_OBJC_MSGSEND = YES;
				GCC_C_LANGUAGE_STANDARD = gnu11;
				GCC_NO_COMMON_BLOCKS = YES;
				GCC_WARN_64_TO_32_BIT_CONVERSION = YES;
				GCC_WARN_ABOUT_RETURN_TYPE = YES_ERROR;
				GCC_WARN_UNDECLARED_SELECTOR = YES;
				GCC_WARN_UNINITIALIZED_AUTOS = YES_AGGRESSIVE;
				GCC_WARN_UNUSED_FUNCTION = YES;
				GCC_WARN_UNUSED_VARIABLE = YES;
				IPHONEOS_DEPLOYMENT_TARGET = 13.5;
				MTL_ENABLE_DEBUG_INFO = NO;
				MTL_FAST_MATH = YES;
				SDKROOT = iphoneos;
				SWIFT_COMPILATION_MODE = wholemodule;
				SWIFT_OPTIMIZATION_LEVEL = "-O";
				VALIDATE_PRODUCT = YES;
			};
			name = Release;
		};
		6C8E77EF24DAE7B500D77643 /* Debug */ = {
			isa = XCBuildConfiguration;
			baseConfigurationReference = 2F11D30B04271141BF6C7BAF /* Pods-ComingUp.debug.xcconfig */;
			buildSettings = {
				ASSETCATALOG_COMPILER_APPICON_NAME = AppIcon;
				CODE_SIGN_STYLE = Automatic;
				DEVELOPMENT_TEAM = Y4NG3TTR62;
				INFOPLIST_FILE = ComingUp/Info.plist;
				LD_RUNPATH_SEARCH_PATHS = (
					"$(inherited)",
					"@executable_path/Frameworks",
				);
				PRODUCT_BUNDLE_IDENTIFIER = com.shinerdes.comingup;
				PRODUCT_NAME = "$(TARGET_NAME)";
				SWIFT_VERSION = 5.0;
				TARGETED_DEVICE_FAMILY = 1;
			};
			name = Debug;
		};
		6C8E77F024DAE7B500D77643 /* Release */ = {
			isa = XCBuildConfiguration;
			baseConfigurationReference = 12C891C42131E4C71FD56044 /* Pods-ComingUp.release.xcconfig */;
			buildSettings = {
				ASSETCATALOG_COMPILER_APPICON_NAME = AppIcon;
				CODE_SIGN_STYLE = Automatic;
				DEVELOPMENT_TEAM = Y4NG3TTR62;
				INFOPLIST_FILE = ComingUp/Info.plist;
				LD_RUNPATH_SEARCH_PATHS = (
					"$(inherited)",
					"@executable_path/Frameworks",
				);
				PRODUCT_BUNDLE_IDENTIFIER = com.shinerdes.comingup;
				PRODUCT_NAME = "$(TARGET_NAME)";
				SWIFT_VERSION = 5.0;
				TARGETED_DEVICE_FAMILY = 1;
			};
			name = Release;
		};
/* End XCBuildConfiguration section */

/* Begin XCConfigurationList section */
		6C8E77D524DAE7B300D77643 /* Build configuration list for PBXProject "ComingUp" */ = {
			isa = XCConfigurationList;
			buildConfigurations = (
				6C8E77EC24DAE7B500D77643 /* Debug */,
				6C8E77ED24DAE7B500D77643 /* Release */,
			);
			defaultConfigurationIsVisible = 0;
			defaultConfigurationName = Release;
		};
		6C8E77EE24DAE7B500D77643 /* Build configuration list for PBXNativeTarget "ComingUp" */ = {
			isa = XCConfigurationList;
			buildConfigurations = (
				6C8E77EF24DAE7B500D77643 /* Debug */,
				6C8E77F024DAE7B500D77643 /* Release */,
			);
			defaultConfigurationIsVisible = 0;
			defaultConfigurationName = Release;
		};
/* End XCConfigurationList section */
	};
	rootObject = 6C8E77D224DAE7B300D77643 /* Project object */;
}
